
Microsoft Visual Studio Solution File, Format Version 12.00
# Visual Studio 15
VisualStudioVersion = 15.0.28010.2050
MinimumVisualStudioVersion = 10.0.40219.1
Project("{9A19103F-16F7-4668-BE54-9A1E7A4F7556}") = "Tamturk.NoCaptcha", "Tamturk.NoCaptcha\Tamturk.NoCaptcha.csproj", "{092A739F-4FEE-4EEA-9AD8-0B285E9ACF38}"
EndProject
Project("{9A19103F-16F7-4668-BE54-9A1E7A4F7556}") = "Tamturk.AspNetCore.NoCaptcha", "Tamturk.AspNetCore.NoCaptcha\Tamturk.AspNetCore.NoCaptcha.csproj", "{5F4BEC0A-BD97-4567-94C0-6DAD43FBBC42}"
EndProject
Global
	GlobalSection(SolutionConfigurationPlatforms) = preSolution
		Debug|Any CPU = Debug|Any CPU
		Release|Any CPU = Release|Any CPU
	EndGlobalSection
	GlobalSection(ProjectConfigurationPlatforms) = postSolution
		{092A739F-4FEE-4EEA-9AD8-0B285E9ACF38}.Debug|Any CPU.ActiveCfg = Debug|Any CPU
		{092A739F-4FEE-4EEA-9AD8-0B285E9ACF38}.Debug|Any CPU.Build.0 = Debug|Any CPU
		{092A739F-4FEE-4EEA-9AD8-0B285E9ACF38}.Release|Any CPU.ActiveCfg = Release|Any CPU
		{092A739F-4FEE-4EEA-9AD8-0B285E9ACF38}.Release|Any CPU.Build.0 = Release|Any CPU
		{5F4BEC0A-BD97-4567-94C0-6DAD43FBBC42}.Debug|Any CPU.ActiveCfg = Debug|Any CPU
		{5F4BEC0A-BD97-4567-94C0-6DAD43FBBC42}.Debug|Any CPU.Build.0 = Debug|Any CPU
		{5F4BEC0A-BD97-4567-94C0-6DAD43FBBC42}.Release|Any CPU.ActiveCfg = Release|Any CPU
		{5F4BEC0A-BD97-4567-94C0-6DAD43FBBC42}.Release|Any CPU.Build.0 = Release|Any CPU
	EndGlobalSection
	GlobalSection(SolutionProperties) = preSolution
		HideSolutionNode = FALSE
	EndGlobalSection
	GlobalSection(ExtensibilityGlobals) = postSolution
		SolutionGuid = {D5AEE5CB-2964-4D47-911B-5637332A13A7}
	EndGlobalSection
EndGlobal
